// !$*UTF8*$!
{
	archiveVersion = 1;
	classes = {
	};
	objectVersion = 46;
	objects = {

/* Begin PBXBuildFile section */
		846F3AD61ECE23780075D9A8 /* AppDelegate.swift in Sources */ = {isa = PBXBuildFile; fileRef = 846F3AD51ECE23780075D9A8 /* AppDelegate.swift */; };
		846F3AD81ECE23780075D9A8 /* ViewController.swift in Sources */ = {isa = PBXBuildFile; fileRef = 846F3AD71ECE23780075D9A8 /* ViewController.swift */; };
		846F3ADB1ECE23780075D9A8 /* Main.storyboard in Resources */ = {isa = PBXBuildFile; fileRef = 846F3AD91ECE23780075D9A8 /* Main.storyboard */; };
		846F3ADD1ECE23780075D9A8 /* Assets.xcassets in Resources */ = {isa = PBXBuildFile; fileRef = 846F3ADC1ECE23780075D9A8 /* Assets.xcassets */; };
		846F3AE01ECE23780075D9A8 /* LaunchScreen.storyboard in Resources */ = {isa = PBXBuildFile; fileRef = 846F3ADE1ECE23780075D9A8 /* LaunchScreen.storyboard */; };
		846F3AE81ECE24E30075D9A8 /* CollectionViewCell.swift in Sources */ = {isa = PBXBuildFile; fileRef = 846F3AE71ECE24E30075D9A8 /* CollectionViewCell.swift */; };
		84E1D6E31F3B0E4400685194 /* ImageUtils.swift in Sources */ = {isa = PBXBuildFile; fileRef = 84E1D6E21F3B0E4400685194 /* ImageUtils.swift */; };
/* End PBXBuildFile section */

/* Begin PBXFileReference section */
		846F3AD21ECE23780075D9A8 /* Equalization_of_images.app */ = {isa = PBXFileReference; explicitFileType = wrapper.application; includeInIndex = 0; path = Equalization_of_images.app; sourceTree = BUILT_PRODUCTS_DIR; };
		846F3AD51ECE23780075D9A8 /* AppDelegate.swift */ = {isa = PBXFileReference; lastKnownFileType = sourcecode.swift; path = AppDelegate.swift; sourceTree = "<group>"; };
		846F3AD71ECE23780075D9A8 /* ViewController.swift */ = {isa = PBXFileReference; lastKnownFileType = sourcecode.swift; path = ViewController.swift; sourceTree = "<group>"; };
		846F3ADA1ECE23780075D9A8 /* Base */ = {isa = PBXFileReference; lastKnownFileType = file.storyboard; name = Base; path = Base.lproj/Main.storyboard; sourceTree = "<group>"; };
		846F3ADC1ECE23780075D9A8 /* Assets.xcassets */ = {isa = PBXFileReference; lastKnownFileType = folder.assetcatalog; path = Assets.xcassets; sourceTree = "<group>"; };
		846F3ADF1ECE23780075D9A8 /* Base */ = {isa = PBXFileReference; lastKnownFileType = file.storyboard; name = Base; path = Base.lproj/LaunchScreen.storyboard; sourceTree = "<group>"; };
		846F3AE11ECE23780075D9A8 /* Info.plist */ = {isa = PBXFileReference; lastKnownFileType = text.plist.xml; path = Info.plist; sourceTree = "<group>"; };
		846F3AE71ECE24E30075D9A8 /* CollectionViewCell.swift */ = {isa = PBXFileReference; fileEncoding = 4; lastKnownFileType = sourcecode.swift; path = CollectionViewCell.swift; sourceTree = "<group>"; };
		84E1D6E21F3B0E4400685194 /* ImageUtils.swift */ = {isa = PBXFileReference; fileEncoding = 4; lastKnownFileType = sourcecode.swift; name = ImageUtils.swift; path = ../ImageUtils.swift; sourceTree = "<group>"; };
/* End PBXFileReference section */

/* Begin PBXFrameworksBuildPhase section */
		846F3ACF1ECE23780075D9A8 /* Frameworks */ = {
			isa = PBXFrameworksBuildPhase;
			buildActionMask = 2147483647;
			files = (
			);
			runOnlyForDeploymentPostprocessing = 0;
		};
/* End PBXFrameworksBuildPhase section */

/* Begin PBXGroup section */
		846F3AC91ECE23780075D9A8 = {
			isa = PBXGroup;
			children = (
				846F3AD41ECE23780075D9A8 /* Equalization_of_images */,
				846F3AD31ECE23780075D9A8 /* Products */,
			);
			sourceTree = "<group>";
		};
		846F3AD31ECE23780075D9A8 /* Products */ = {
			isa = PBXGroup;
			children = (
				846F3AD21ECE23780075D9A8 /* Equalization_of_images.app */,
			);
			name = Products;
			sourceTree = "<group>";
		};
		846F3AD41ECE23780075D9A8 /* Equalization_of_images */ = {
			isa = PBXGroup;
			children = (
				84E1D6E21F3B0E4400685194 /* ImageUtils.swift */,
				846F3AD51ECE23780075D9A8 /* AppDelegate.swift */,
				846F3AD71ECE23780075D9A8 /* ViewController.swift */,
				846F3AD91ECE23780075D9A8 /* Main.storyboard */,
				846F3AE71ECE24E30075D9A8 /* CollectionViewCell.swift */,
				846F3ADC1ECE23780075D9A8 /* Assets.xcassets */,
				846F3ADE1ECE23780075D9A8 /* LaunchScreen.storyboard */,
				846F3AE11ECE23780075D9A8 /* Info.plist */,
			);
			path = Equalization_of_images;
			sourceTree = "<group>";
		};
/* End PBXGroup section */

/* Begin PBXNativeTarget section */
		846F3AD11ECE23780075D9A8 /* Equalization_of_images */ = {
			isa = PBXNativeTarget;
			buildConfigurationList = 846F3AE41ECE23780075D9A8 /* Build configuration list for PBXNativeTarget "Equalization_of_images" */;
			buildPhases = (
				846F3ACE1ECE23780075D9A8 /* Sources */,
				846F3ACF1ECE23780075D9A8 /* Frameworks */,
				846F3AD01ECE23780075D9A8 /* Resources */,
			);
			buildRules = (
			);
			dependencies = (
			);
			name = Equalization_of_images;
			productName = Equalization_of_images;
			productReference = 846F3AD21ECE23780075D9A8 /* Equalization_of_images.app */;
			productType = "com.apple.product-type.application";
		};
/* End PBXNativeTarget section */

/* Begin PBXProject section */
		846F3ACA1ECE23780075D9A8 /* Project object */ = {
			isa = PBXProject;
			attributes = {
				LastSwiftUpdateCheck = 0830;
				LastUpgradeCheck = 0830;
				ORGANIZATIONNAME = Admin;
				TargetAttributes = {
					846F3AD11ECE23780075D9A8 = {
						CreatedOnToolsVersion = 8.3.2;
						DevelopmentTeam = 6QNHYCGKHF;
						ProvisioningStyle = Automatic;
					};
				};
			};
			buildConfigurationList = 846F3ACD1ECE23780075D9A8 /* Build configuration list for PBXProject "Equalization_of_images" */;
			compatibilityVersion = "Xcode 3.2";
			developmentRegion = English;
			hasScannedForEncodings = 0;
			knownRegions = (
				en,
				Base,
			);
			mainGroup = 846F3AC91ECE23780075D9A8;
			productRefGroup = 846F3AD31ECE23780075D9A8 /* Products */;
			projectDirPath = "";
			projectRoot = "";
			targets = (
				846F3AD11ECE23780075D9A8 /* Equalization_of_images */,
			);
		};
/* End PBXProject section */

/* Begin PBXResourcesBuildPhase section */
		846F3AD01ECE23780075D9A8 /* Resources */ = {
			isa = PBXResourcesBuildPhase;
			buildActionMask = 2147483647;
			files = (
				846F3AE01ECE23780075D9A8 /* LaunchScreen.storyboard in Resources */,
				846F3ADD1ECE23780075D9A8 /* Assets.xcassets in Resources */,
				846F3ADB1ECE23780075D9A8 /* Main.storyboard in Resources */,
			);
			runOnlyForDeploymentPostprocessing = 0;
		};
/* End PBXResourcesBuildPhase section */

/* Begin PBXSourcesBuildPhase section */
		846F3ACE1ECE23780075D9A8 /* Sources */ = {
			isa = PBXSourcesBuildPhase;
			buildActionMask = 2147483647;
			files = (
				846F3AD81ECE23780075D9A8 /* ViewController.swift in Sources */,
				846F3AD61ECE23780075D9A8 /* AppDelegate.swift in Sources */,
				846F3AE81ECE24E30075D9A8 /* CollectionViewCell.swift in Sources */,
				84E1D6E31F3B0E4400685194 /* ImageUtils.swift in Sources */,
			);
			runOnlyForDeploymentPostprocessing = 0;
		};
/* End PBXSourcesBuildPhase section */

/* Begin PBXVariantGroup section */
		846F3AD91ECE23780075D9A8 /* Main.storyboard */ = {
			isa = PBXVariantGroup;
			children = (
				846F3ADA1ECE23780075D9A8 /* Base */,
			);
			name = Main.storyboard;
			sourceTree = "<group>";
		};
		846F3ADE1ECE23780075D9A8 /* LaunchScreen.storyboard */ = {
			isa = PBXVariantGroup;
			children = (
				846F3ADF1ECE23780075D9A8 /* Base */,
			);
			name = LaunchScreen.storyboard;
			sourceTree = "<group>";
		};
/* End PBXVariantGroup section */

/* Begin XCBuildConfiguration section */
		846F3AE21ECE23780075D9A8 /* Debug */ = {
			isa = XCBuildConfiguration;
			buildSettings = {
				ALWAYS_SEARCH_USER_PATHS = NO;
				CLANG_ANALYZER_NONNULL = YES;
				CLANG_ANALYZER_NUMBER_OBJECT_CONVERSION = YES_AGGRESSIVE;
				CLANG_CXX_LANGUAGE_STANDARD = "gnu++0x";
				CLANG_CXX_LIBRARY = "libc++";
				CLANG_ENABLE_MODULES = YES;
				CLANG_ENABLE_OBJC_ARC = YES;
				CLANG_WARN_BOOL_CONVERSION = YES;
				CLANG_WARN_CONSTANT_CONVERSION = YES;
				CLANG_WARN_DIRECT_OBJC_ISA_USAGE = YES_ERROR;
				CLANG_WARN_DOCUMENTATION_COMMENTS = YES;
				CLANG_WARN_EMPTY_BODY = YES;
				CLANG_WARN_ENUM_CONVERSION = YES;
				CLANG_WARN_INFINITE_RECURSION = YES;
				CLANG_WARN_INT_CONVERSION = YES;
				CLANG_WARN_OBJC_ROOT_CLASS = YES_ERROR;
				CLANG_WARN_SUSPICIOUS_MOVE = YES;
				CLANG_WARN_UNREACHABLE_CODE = YES;
				CLANG_WARN__DUPLICATE_METHOD_MATCH = YES;
				"CODE_SIGN_IDENTITY[sdk=iphoneos*]" = "iPhone Developer";
				COPY_PHASE_STRIP = NO;
				DEBUG_INFORMATION_FORMAT = dwarf;
				ENABLE_STRICT_OBJC_MSGSEND = YES;
				ENABLE_TESTABILITY = YES;
				GCC_C_LANGUAGE_STANDARD = gnu99;
				GCC_DYNAMIC_NO_PIC = NO;
				GCC_NO_COMMON_BLOCKS = YES;
				GCC_OPTIMIZATION_LEVEL = 0;
				GCC_PREPROCESSOR_DEFINITIONS = (
					"DEBUG=1",
					"$(inherited)",
				);
				GCC_WARN_64_TO_32_BIT_CONVERSION = YES;
				GCC_WARN_ABOUT_RETURN_TYPE = YES_ERROR;
				GCC_WARN_UNDECLARED_SELECTOR = YES;
				GCC_WARN_UNINITIALIZED_AUTOS = YES_AGGRESSIVE;
				GCC_WARN_UNUSED_FUNCTION = YES;
				GCC_WARN_UNUSED_VARIABLE = YES;
				IPHONEOS_DEPLOYMENT_TARGET = 10.3;
				MTL_ENABLE_DEBUG_INFO = YES;
				ONLY_ACTIVE_ARCH = YES;
				SDKROOT = iphoneos;
				SWIFT_ACTIVE_COMPILATION_CONDITIONS = DEBUG;
				SWIFT_OPTIMIZATION_LEVEL = "-Onone";
				TARGETED_DEVICE_FAMILY = "1,2";
			};
			name = Debug;
		};
		846F3AE31ECE23780075D9A8 /* Release */ = {
			isa = XCBuildConfiguration;
			buildSettings = {
				ALWAYS_SEARCH_USER_PATHS = NO;
				CLANG_ANALYZER_NONNULL = YES;
				CLANG_ANALYZER_NUMBER_OBJECT_CONVERSION = YES_AGGRESSIVE;
				CLANG_CXX_LANGUAGE_STANDARD = "gnu++0x";
				CLANG_CXX_LIBRARY = "libc++";
				CLANG_ENABLE_MODULES = YES;
				CLANG_ENABLE_OBJC_ARC = YES;
				CLANG_WARN_BOOL_CONVERSION = YES;
				CLANG_WARN_CONSTANT_CONVERSION = YES;
				CLANG_WARN_DIRECT_OBJC_ISA_USAGE = YES_ERROR;
				CLANG_WARN_DOCUMENTATION_COMMENTS = YES;
				CLANG_WARN_EMPTY_BODY = YES;
				CLANG_WARN_ENUM_CONVERSION = YES;
				CLANG_WARN_INFINITE_RECURSION = YES;
				CLANG_WARN_INT_CONVERSION = YES;
				CLANG_WARN_OBJC_ROOT_CLASS = YES_ERROR;
				CLANG_WARN_SUSPICIOUS_MOVE = YES;
				CLANG_WARN_UNREACHABLE_CODE = YES;
				CLANG_WARN__DUPLICATE_METHOD_MATCH = YES;
				"CODE_SIGN_IDENTITY[sdk=iphoneos*]" = "iPhone Developer";
				COPY_PHASE_STRIP = NO;
				DEBUG_INFORMATION_FORMAT = "dwarf-with-dsym";
				ENABLE_NS_ASSERTIONS = NO;
				ENABLE_STRICT_OBJC_MSGSEND = YES;
				GCC_C_LANGUAGE_STANDARD = gnu99;
				GCC_NO_COMMON_BLOCKS = YES;
				GCC_WARN_64_TO_32_BIT_CONVERSION = YES;
				GCC_WARN_ABOUT_RETURN_TYPE = YES_ERROR;
				GCC_WARN_UNDECLARED_SELECTOR = YES;
				GCC_WARN_UNINITIALIZED_AUTOS = YES_AGGRESSIVE;
				GCC_WARN_UNUSED_FUNCTION = YES;
				GCC_WARN_UNUSED_VARIABLE = YES;
				IPHONEOS_DEPLOYMENT_TARGET = 10.3;
				MTL_ENABLE_DEBUG_INFO = NO;
				SDKROOT = iphoneos;
				SWIFT_OPTIMIZATION_LEVEL = "-Owholemodule";
				TARGETED_DEVICE_FAMILY = "1,2";
				VALIDATE_PRODUCT = YES;
			};
			name = Release;
		};
		846F3AE51ECE23780075D9A8 /* Debug */ = {
			isa = XCBuildConfiguration;
			buildSettings = {
				ASSETCATALOG_COMPILER_APPICON_NAME = AppIcon;
				DEVELOPMENT_TEAM = 6QNHYCGKHF;
				INFOPLIST_FILE = Equalization_of_images/Info.plist;
				IPHONEOS_DEPLOYMENT_TARGET = 10.2;
				LD_RUNPATH_SEARCH_PATHS = "$(inherited) @executable_path/Frameworks";
				PRODUCT_BUNDLE_IDENTIFIER = "JohnReeze.Equalization-of-images";
				PRODUCT_NAME = "$(TARGET_NAME)";
				SWIFT_VERSION = 3.0;
			};
			name = Debug;
		};
		846F3AE61ECE23780075D9A8 /* Release */ = {
			isa = XCBuildConfiguration;
			buildSettings = {
				ASSETCATALOG_COMPILER_APPICON_NAME = AppIcon;
				DEVELOPMENT_TEAM = 6QNHYCGKHF;
				INFOPLIST_FILE = Equalization_of_images/Info.plist;
				IPHONEOS_DEPLOYMENT_TARGET = 10.2;
				LD_RUNPATH_SEARCH_PATHS = "$(inherited) @executable_path/Frameworks";
				PRODUCT_BUNDLE_IDENTIFIER = "JohnReeze.Equalization-of-images";
				PRODUCT_NAME = "$(TARGET_NAME)";
				SWIFT_VERSION = 3.0;
			};
			name = Release;
		};
/* End XCBuildConfiguration section */

/* Begin XCConfigurationList section */
		846F3ACD1ECE23780075D9A8 /* Build configuration list for PBXProject "Equalization_of_images" */ = {
			isa = XCConfigurationList;
			buildConfigurations = (
				846F3AE21ECE23780075D9A8 /* Debug */,
				846F3AE31ECE23780075D9A8 /* Release */,
			);
			defaultConfigurationIsVisible = 0;
			defaultConfigurationName = Release;
		};
		846F3AE41ECE23780075D9A8 /* Build configuration list for PBXNativeTarget "Equalization_of_images" */ = {
			isa = XCConfigurationList;
			buildConfigurations = (
				846F3AE51ECE23780075D9A8 /* Debug */,
				846F3AE61ECE23780075D9A8 /* Release */,
			);
			defaultConfigurationIsVisible = 0;
			defaultConfigurationName = Release;
		};
/* End XCConfigurationList section */
	};
	rootObject = 846F3ACA1ECE23780075D9A8 /* Project object */;
}
